
Microsoft Visual Studio Solution File, Format Version 12.00
# Visual Studio 14
VisualStudioVersion = 14.0.25420.1
MinimumVisualStudioVersion = 10.0.40219.1
Project("{FAE04EC0-301F-11D3-BF4B-00C04F79EFBC}") = "SkipTakeUsingEFW", "SkipTakeUsingEFW\SkipTakeUsingEFW.csproj", "{59D81B7A-6B23-4578-913C-592424A8E697}"
EndProject
Project("{FAE04EC0-301F-11D3-BF4B-00C04F79EFBC}") = "ClassTaskTolist", "ClassTaskTolist\ClassTaskTolist.csproj", "{1BC2E208-9BF5-4AFD-85C1-2A06052A4717}"
EndProject
Global
	GlobalSection(SolutionConfigurationPlatforms) = preSolution
		Debug|Any CPU = Debug|Any CPU
		Release|Any CPU = Release|Any CPU
	EndGlobalSection
	GlobalSection(ProjectConfigurationPlatforms) = postSolution
		{59D81B7A-6B23-4578-913C-592424A8E697}.Debug|Any CPU.ActiveCfg = Debug|Any CPU
		{59D81B7A-6B23-4578-913C-592424A8E697}.Debug|Any CPU.Build.0 = Debug|Any CPU
		{59D81B7A-6B23-4578-913C-592424A8E697}.Release|Any CPU.ActiveCfg = Release|Any CPU
		{59D81B7A-6B23-4578-913C-592424A8E697}.Release|Any CPU.Build.0 = Release|Any CPU
		{1BC2E208-9BF5-4AFD-85C1-2A06052A4717}.Debug|Any CPU.ActiveCfg = Debug|Any CPU
		{1BC2E208-9BF5-4AFD-85C1-2A06052A4717}.Debug|Any CPU.Build.0 = Debug|Any CPU
		{1BC2E208-9BF5-4AFD-85C1-2A06052A4717}.Release|Any CPU.ActiveCfg = Release|Any CPU
		{1BC2E208-9BF5-4AFD-85C1-2A06052A4717}.Release|Any CPU.Build.0 = Release|Any CPU
	EndGlobalSection
	GlobalSection(SolutionProperties) = preSolution
		HideSolutionNode = FALSE
	EndGlobalSection
EndGlobal
