
Microsoft Visual Studio Solution File, Format Version 12.00
# Visual Studio 14
VisualStudioVersion = 14.0.25420.1
MinimumVisualStudioVersion = 10.0.40219.1
Project("{FAE04EC0-301F-11D3-BF4B-00C04F79EFBC}") = "ThreadingAssignment", "ThreadingAssignment\ThreadingAssignment.csproj", "{A15A6D38-2024-4C6C-B696-980DCBE66873}"
EndProject
Project("{FAE04EC0-301F-11D3-BF4B-00C04F79EFBC}") = "DictionaryAssignment", "DictionaryAssignment\DictionaryAssignment.csproj", "{E21E0BF7-3538-4024-9EE5-CCC062A44B03}"
EndProject
Project("{FAE04EC0-301F-11D3-BF4B-00C04F79EFBC}") = "Threading_Assignment2", "Threading_Assignment2\Threading_Assignment2.csproj", "{4A30F526-AB4E-4B2A-A862-197F133ABBF2}"
EndProject
Global
	GlobalSection(SolutionConfigurationPlatforms) = preSolution
		Debug|Any CPU = Debug|Any CPU
		Release|Any CPU = Release|Any CPU
	EndGlobalSection
	GlobalSection(ProjectConfigurationPlatforms) = postSolution
		{A15A6D38-2024-4C6C-B696-980DCBE66873}.Debug|Any CPU.ActiveCfg = Debug|Any CPU
		{A15A6D38-2024-4C6C-B696-980DCBE66873}.Debug|Any CPU.Build.0 = Debug|Any CPU
		{A15A6D38-2024-4C6C-B696-980DCBE66873}.Release|Any CPU.ActiveCfg = Release|Any CPU
		{A15A6D38-2024-4C6C-B696-980DCBE66873}.Release|Any CPU.Build.0 = Release|Any CPU
		{E21E0BF7-3538-4024-9EE5-CCC062A44B03}.Debug|Any CPU.ActiveCfg = Debug|Any CPU
		{E21E0BF7-3538-4024-9EE5-CCC062A44B03}.Debug|Any CPU.Build.0 = Debug|Any CPU
		{E21E0BF7-3538-4024-9EE5-CCC062A44B03}.Release|Any CPU.ActiveCfg = Release|Any CPU
		{E21E0BF7-3538-4024-9EE5-CCC062A44B03}.Release|Any CPU.Build.0 = Release|Any CPU
		{4A30F526-AB4E-4B2A-A862-197F133ABBF2}.Debug|Any CPU.ActiveCfg = Debug|Any CPU
		{4A30F526-AB4E-4B2A-A862-197F133ABBF2}.Debug|Any CPU.Build.0 = Debug|Any CPU
		{4A30F526-AB4E-4B2A-A862-197F133ABBF2}.Release|Any CPU.ActiveCfg = Release|Any CPU
		{4A30F526-AB4E-4B2A-A862-197F133ABBF2}.Release|Any CPU.Build.0 = Release|Any CPU
	EndGlobalSection
	GlobalSection(SolutionProperties) = preSolution
		HideSolutionNode = FALSE
	EndGlobalSection
EndGlobal
